<?xml version="1.0" encoding="utf-8"?>
<Project ToolsVersion="4.0" xmlns="http://schemas.microsoft.com/developer/msbuild/2003">
  <ItemGroup>
    <Filter Include="Source Files">
      <UniqueIdentifier>{4FC737F1-C7A5-4376-A066-2A32D752A2FF}</UniqueIdentifier>
      <Extensions>cpp;c;cc;cxx;def;odl;idl;hpj;bat;asm;asmx</Extensions>
    </Filter>
    <Filter Include="Header Files">
      <UniqueIdentifier>{93995380-89BD-4b04-88EB-625FBE52EBFB}</UniqueIdentifier>
      <Extensions>h;hpp;hxx;hm;inl;inc;xsd</Extensions>
    </Filter>
    <Filter Include="Resource Files">
      <UniqueIdentifier>{67DA6AB6-F800-4c08-8B7A-83BB121AAD01}</UniqueIdentifier>
      <Extensions>rc;ico;cur;bmp;dlg;rc2;rct;bin;rgs;gif;jpg;jpeg;jpe;resx;tiff;tif;png;wav;mfcribbon-ms</Extensions>
    </Filter>
  </ItemGroup>
  <ItemGroup>
    <ClCompile Include="analysis_telemetry.cpp">
      <Filter>Source Files</Filter>
    </ClCompile>
    <ClCompile Include="analysis_math_utils.cpp">
      <Filter>Source Files</Filter>
    </ClCompile>
    <ClCompile Include="foo_smart_tempo.cpp">
      <Filter>Source Files</Filter>
    </ClCompile>
    <ClCompile Include="preferences.cpp">
      <Filter>Source Files</Filter>
    </ClCompile>
    <ClCompile Include="bpm_auto_analysis_thread.cpp">
      <Filter>Source Files</Filter>
    </ClCompile>
    <ClCompile Include="bpm_result_dialog.cpp">
      <Filter>Source Files</Filter>
    </ClCompile>
    <ClCompile Include="bpm_manual_dialog.cpp">
      <Filter>Source Files</Filter>
    </ClCompile>
    <ClCompile Include="manual_metronome.cpp">
      <Filter>Source Files</Filter>
    </ClCompile>
    <ClCompile Include="manual_metronome_wasapi.cpp">
      <Filter>Source Files</Filter>
    </ClCompile>
    <ClCompile Include="bpm_preferences_page.cpp">
      <Filter>Source Files</Filter>
    </ClCompile>
    <ClCompile Include="format_bpm.cpp">
      <Filter>Source Files</Filter>
    </ClCompile>
    <ClCompile Include="bpm_contextmenu_item.cpp">
      <Filter>Source Files</Filter>
    </ClCompile>
    <ClCompile Include="file_info_filter_bpm.cpp">
      <Filter>Source Files</Filter>
    </ClCompile>
    <ClCompile Include="file_info_filter_scale_bpm.cpp">
      <Filter>Source Files</Filter>
    </ClCompile>
    <ClCompile Include="analysis_decision_support.cpp">
      <Filter>Source Files</Filter>
    </ClCompile>
    <ClCompile Include="hodgkinson_full_mir.cpp">
      <Filter>Source Files</Filter>
    </ClCompile>
    <ClCompile Include="mir_candidate_pipeline.cpp">
      <Filter>Source Files</Filter>
    </ClCompile>
    <ClCompile Include="hodgkinson_tatum_probe.cpp">
      <Filter>Source Files</Filter>
    </ClCompile>
    <ClCompile Include="smart_tempo_mapper.cpp">
      <Filter>Source Files</Filter>
    </ClCompile>
    <ClCompile Include="modern_bpm_analyzer.cpp">
      <Filter>Source Files</Filter>
    </ClCompile>
    <ClCompile Include="smart_tempo_helpers.cpp">
      <Filter>Source Files</Filter>
    </ClCompile>
    <ClCompile Include="tag_write_dispatch.cpp">
      <Filter>Source Files</Filter>
    </ClCompile>
    <ClCompile Include="..\kiss_fft\src\kiss_fft.c">
      <Filter>Source Files</Filter>
    </ClCompile>
    <ClCompile Include="..\kiss_fft\src\kiss_fftr.c">
      <Filter>Source Files</Filter>
    </ClCompile>




  </ItemGroup>
  <ItemGroup>
    <ClInclude Include="analysis_audio_features.h">
      <Filter>Header Files</Filter>
    </ClInclude>
    <ClInclude Include="analysis_onset_events.h">
      <Filter>Header Files</Filter>
    </ClInclude>
    <ClInclude Include="analysis_pass_schedule.h">
      <Filter>Header Files</Filter>
    </ClInclude>
    <ClInclude Include="analysis_progress.h">
      <Filter>Header Files</Filter>
    </ClInclude>
    <ClInclude Include="analysis_window_config.h">
      <Filter>Header Files</Filter>
    </ClInclude>
    <ClInclude Include="analysis_telemetry.h">
      <Filter>Header Files</Filter>
    </ClInclude>
    <ClInclude Include="analysis_math_utils.h">
      <Filter>Header Files</Filter>
    </ClInclude>
    <ClInclude Include="foo_smart_tempo.h">
      <Filter>Header Files</Filter>
    </ClInclude>
    <ClInclude Include="globals.h">
      <Filter>Header Files</Filter>
    </ClInclude>
    <ClInclude Include="guid.h">
      <Filter>Header Files</Filter>
    </ClInclude>
    <ClInclude Include="preferences.h">
      <Filter>Header Files</Filter>
    </ClInclude>
    <ClInclude Include="resource.h">
      <Filter>Header Files</Filter>
    </ClInclude>
    <ClInclude Include="stdafx.h">
      <Filter>Header Files</Filter>
    </ClInclude>
    <ClInclude Include="bpm_auto_analysis_thread.h">
      <Filter>Header Files</Filter>
    </ClInclude>
    <ClInclude Include="bpm_result_dialog.h">
      <Filter>Header Files</Filter>
    </ClInclude>
    <ClInclude Include="bpm_manual_dialog.h">
      <Filter>Header Files</Filter>
    </ClInclude>
    <ClInclude Include="manual_metronome.h">
      <Filter>Header Files</Filter>
    </ClInclude>
    <ClInclude Include="manual_metronome_wasapi.h">
      <Filter>Header Files</Filter>
    </ClInclude>
    <ClInclude Include="bpm_preferences_page.h">
      <Filter>Header Files</Filter>
    </ClInclude>
    <ClInclude Include="format_bpm.h">
      <Filter>Header Files</Filter>
    </ClInclude>
    <ClInclude Include="bpm_contextmenu_item.h">
      <Filter>Header Files</Filter>
    </ClInclude>
    <ClInclude Include="experimental_feature_flags.h">
      <Filter>Header Files</Filter>
    </ClInclude>
    <ClInclude Include="analysis_shared_types.h">
      <Filter>Header Files</Filter>
    </ClInclude>
    <ClInclude Include="aligned_vector.h">
      <Filter>Header Files</Filter>
    </ClInclude>
    <ClInclude Include="file_info_filter_bpm.h">
      <Filter>Header Files</Filter>
    </ClInclude>
    <ClInclude Include="file_info_filter_scale_bpm.h">
      <Filter>Source Files</Filter>
    </ClInclude>
    <ClInclude Include="analysis_decision_support.h">
      <Filter>Header Files</Filter>
    </ClInclude>
    <ClInclude Include="hodgkinson_full_mir.h">
      <Filter>Header Files</Filter>
    </ClInclude>
    <ClInclude Include="mir_candidate_pipeline.h">
      <Filter>Header Files</Filter>
    </ClInclude>
    <ClInclude Include="mir_pulse_family_contract.h">
      <Filter>Header Files</Filter>
    </ClInclude>
    <ClInclude Include="hodgkinson_tatum_probe.h">
      <Filter>Header Files</Filter>
    </ClInclude>
    <ClInclude Include="experimental_feature_overrides.generated.h">
      <Filter>Header Files</Filter>
    </ClInclude>
    <ClInclude Include="smart_tempo_mapper.h">
      <Filter>Header Files</Filter>
    </ClInclude>
    <ClInclude Include="smart_tempo_helpers.h">
      <Filter>Header Files</Filter>
    </ClInclude>
    <ClInclude Include="tag_write_dispatch.h">
      <Filter>Header Files</Filter>
    </ClInclude>
    <ClInclude Include="ui_scaling.h">
      <Filter>Header Files</Filter>
    </ClInclude>
  </ItemGroup>
  <ItemGroup>
    <ResourceCompile Include="foo_smart_tempo.rc">
      <Filter>Resource Files</Filter>
    </ResourceCompile>
  </ItemGroup>
  <ItemGroup>
    <None Include="..\README.md" />
    <None Include="..\CHANGES.md" />
  </ItemGroup>
</Project>
